
Microsoft Visual Studio Solution File, Format Version 12.00
# Visual Studio Version 16
VisualStudioVersion = 16.0.31105.61
MinimumVisualStudioVersion = 10.0.40219.1
Project("{8BC9CEB8-8B4A-11D0-8D11-00A0C91BC942}") = "ANPR", "ANPR\ANPR.vcxproj", "{59DDD168-888E-4FF3-AA78-3F58117C766C}"
EndProject
Project("{54435603-DBB4-11D2-8724-00A0C9A8B90C}") = "Setup_ANPR", "Setup_ANPR\Setup_ANPR.vdproj", "{F599B31E-31E6-493F-B761-2061E60235B9}"
EndProject
Global
	GlobalSection(SolutionConfigurationPlatforms) = preSolution
		Debug|x64 = Debug|x64
		Debug|x86 = Debug|x86
		Release|x64 = Release|x64
		Release|x86 = Release|x86
	EndGlobalSection
	GlobalSection(ProjectConfigurationPlatforms) = postSolution
		{59DDD168-888E-4FF3-AA78-3F58117C766C}.Debug|x64.ActiveCfg = Debug|x64
		{59DDD168-888E-4FF3-AA78-3F58117C766C}.Debug|x64.Build.0 = Debug|x64
		{59DDD168-888E-4FF3-AA78-3F58117C766C}.Debug|x86.ActiveCfg = Debug|Win32
		{59DDD168-888E-4FF3-AA78-3F58117C766C}.Debug|x86.Build.0 = Debug|Win32
		{59DDD168-888E-4FF3-AA78-3F58117C766C}.Release|x64.ActiveCfg = Release|x64
		{59DDD168-888E-4FF3-AA78-3F58117C766C}.Release|x64.Build.0 = Release|x64
		{59DDD168-888E-4FF3-AA78-3F58117C766C}.Release|x86.ActiveCfg = Release|Win32
		{59DDD168-888E-4FF3-AA78-3F58117C766C}.Release|x86.Build.0 = Release|Win32
		{F599B31E-31E6-493F-B761-2061E60235B9}.Debug|x64.ActiveCfg = Debug
		{F599B31E-31E6-493F-B761-2061E60235B9}.Debug|x86.ActiveCfg = Debug
		{F599B31E-31E6-493F-B761-2061E60235B9}.Release|x64.ActiveCfg = Release
		{F599B31E-31E6-493F-B761-2061E60235B9}.Release|x86.ActiveCfg = Release
	EndGlobalSection
	GlobalSection(SolutionProperties) = preSolution
		HideSolutionNode = FALSE
	EndGlobalSection
	GlobalSection(ExtensibilityGlobals) = postSolution
		SolutionGuid = {158554C3-B628-40EA-B3D3-93A7F60A3F15}
	EndGlobalSection
EndGlobal
